// !$*UTF8*$!
{
	archiveVersion = 1;
	classes = {
	};
	objectVersion = 50;
	objects = {

/* Begin PBXBuildFile section */
		6E2C6A77260E60AC005A75BE /* Pad.swift in Sources */ = {isa = PBXBuildFile; fileRef = 6E2C6A76260E60AC005A75BE /* Pad.swift */; };
		6E2C6A8F260F4300005A75BE /* jemoeder.m4a in Resources */ = {isa = PBXBuildFile; fileRef = 6E2C6A8B260F4166005A75BE /* jemoeder.m4a */; };
		6E2C6A94260F7E97005A75BE /* PadStyle.swift in Sources */ = {isa = PBXBuildFile; fileRef = 6E2C6A93260F7E97005A75BE /* PadStyle.swift */; };
		6E5C1E28260609FA008E3115 /* SijbersounzApp.swift in Sources */ = {isa = PBXBuildFile; fileRef = 6E5C1E27260609FA008E3115 /* SijbersounzApp.swift */; };
		6E5C1E2A260609FA008E3115 /* ContentView.swift in Sources */ = {isa = PBXBuildFile; fileRef = 6E5C1E29260609FA008E3115 /* ContentView.swift */; };
		6E5C1E2C260609FC008E3115 /* Assets.xcassets in Resources */ = {isa = PBXBuildFile; fileRef = 6E5C1E2B260609FC008E3115 /* Assets.xcassets */; };
		6E5C1E2F260609FC008E3115 /* Preview Assets.xcassets in Resources */ = {isa = PBXBuildFile; fileRef = 6E5C1E2E260609FC008E3115 /* Preview Assets.xcassets */; };
		6E5C1E3A260609FC008E3115 /* SijbersounzTests.swift in Sources */ = {isa = PBXBuildFile; fileRef = 6E5C1E39260609FC008E3115 /* SijbersounzTests.swift */; };
		6E5C1E45260609FC008E3115 /* SijbersounzUITests.swift in Sources */ = {isa = PBXBuildFile; fileRef = 6E5C1E44260609FC008E3115 /* SijbersounzUITests.swift */; };
/* End PBXBuildFile section */

/* Begin PBXContainerItemProxy section */
		6E5C1E36260609FC008E3115 /* PBXContainerItemProxy */ = {
			isa = PBXContainerItemProxy;
			containerPortal = 6E5C1E1C260609FA008E3115 /* Project object */;
			proxyType = 1;
			remoteGlobalIDString = 6E5C1E23260609FA008E3115;
			remoteInfo = Sijbersounz;
		};
		6E5C1E41260609FC008E3115 /* PBXContainerItemProxy */ = {
			isa = PBXContainerItemProxy;
			containerPortal = 6E5C1E1C260609FA008E3115 /* Project object */;
			proxyType = 1;
			remoteGlobalIDString = 6E5C1E23260609FA008E3115;
			remoteInfo = Sijbersounz;
		};
/* End PBXContainerItemProxy section */

/* Begin PBXFileReference section */
		6E2C6A76260E60AC005A75BE /* Pad.swift */ = {isa = PBXFileReference; lastKnownFileType = sourcecode.swift; path = Pad.swift; sourceTree = "<group>"; };
		6E2C6A8B260F4166005A75BE /* jemoeder.m4a */ = {isa = PBXFileReference; lastKnownFileType = file; path = jemoeder.m4a; sourceTree = "<group>"; };
		6E2C6A93260F7E97005A75BE /* PadStyle.swift */ = {isa = PBXFileReference; lastKnownFileType = sourcecode.swift; path = PadStyle.swift; sourceTree = "<group>"; };
		6E5C1E24260609FA008E3115 /* Sijbersounz.app */ = {isa = PBXFileReference; explicitFileType = wrapper.application; includeInIndex = 0; path = Sijbersounz.app; sourceTree = BUILT_PRODUCTS_DIR; };
		6E5C1E27260609FA008E3115 /* SijbersounzApp.swift */ = {isa = PBXFileReference; lastKnownFileType = sourcecode.swift; path = SijbersounzApp.swift; sourceTree = "<group>"; };
		6E5C1E29260609FA008E3115 /* ContentView.swift */ = {isa = PBXFileReference; lastKnownFileType = sourcecode.swift; path = ContentView.swift; sourceTree = "<group>"; };
		6E5C1E2B260609FC008E3115 /* Assets.xcassets */ = {isa = PBXFileReference; lastKnownFileType = folder.assetcatalog; path = Assets.xcassets; sourceTree = "<group>"; };
		6E5C1E2E260609FC008E3115 /* Preview Assets.xcassets */ = {isa = PBXFileReference; lastKnownFileType = folder.assetcatalog; path = "Preview Assets.xcassets"; sourceTree = "<group>"; };
		6E5C1E30260609FC008E3115 /* Info.plist */ = {isa = PBXFileReference; lastKnownFileType = text.plist.xml; path = Info.plist; sourceTree = "<group>"; };
		6E5C1E35260609FC008E3115 /* SijbersounzTests.xctest */ = {isa = PBXFileReference; explicitFileType = wrapper.cfbundle; includeInIndex = 0; path = SijbersounzTests.xctest; sourceTree = BUILT_PRODUCTS_DIR; };
		6E5C1E39260609FC008E3115 /* SijbersounzTests.swift */ = {isa = PBXFileReference; lastKnownFileType = sourcecode.swift; path = SijbersounzTests.swift; sourceTree = "<group>"; };
		6E5C1E3B260609FC008E3115 /* Info.plist */ = {isa = PBXFileReference; lastKnownFileType = text.plist.xml; path = Info.plist; sourceTree = "<group>"; };
		6E5C1E40260609FC008E3115 /* SijbersounzUITests.xctest */ = {isa = PBXFileReference; explicitFileType = wrapper.cfbundle; includeInIndex = 0; path = SijbersounzUITests.xctest; sourceTree = BUILT_PRODUCTS_DIR; };
		6E5C1E44260609FC008E3115 /* SijbersounzUITests.swift */ = {isa = PBXFileReference; lastKnownFileType = sourcecode.swift; path = SijbersounzUITests.swift; sourceTree = "<group>"; };
		6E5C1E46260609FC008E3115 /* Info.plist */ = {isa = PBXFileReference; lastKnownFileType = text.plist.xml; path = Info.plist; sourceTree = "<group>"; };
/* End PBXFileReference section */

/* Begin PBXFrameworksBuildPhase section */
		6E5C1E21260609FA008E3115 /* Frameworks */ = {
			isa = PBXFrameworksBuildPhase;
			buildActionMask = 2147483647;
			files = (
			);
			runOnlyForDeploymentPostprocessing = 0;
		};
		6E5C1E32260609FC008E3115 /* Frameworks */ = {
			isa = PBXFrameworksBuildPhase;
			buildActionMask = 2147483647;
			files = (
			);
			runOnlyForDeploymentPostprocessing = 0;
		};
		6E5C1E3D260609FC008E3115 /* Frameworks */ = {
			isa = PBXFrameworksBuildPhase;
			buildActionMask = 2147483647;
			files = (
			);
			runOnlyForDeploymentPostprocessing = 0;
		};
/* End PBXFrameworksBuildPhase section */

/* Begin PBXGroup section */
		6E2C6A72260E605C005A75BE /* Views */ = {
			isa = PBXGroup;
			children = (
				6E5C1E29260609FA008E3115 /* ContentView.swift */,
				6E2C6A76260E60AC005A75BE /* Pad.swift */,
				6E2C6A93260F7E97005A75BE /* PadStyle.swift */,
			);
			path = Views;
			sourceTree = "<group>";
		};
		6E2C6AA426126474005A75BE /* Sounds */ = {
			isa = PBXGroup;
			children = (
				6E2C6A8B260F4166005A75BE /* jemoeder.m4a */,
			);
			path = Sounds;
			sourceTree = "<group>";
		};
		6E5C1E1B260609FA008E3115 = {
			isa = PBXGroup;
			children = (
				6E5C1E26260609FA008E3115 /* Sijbersounz */,
				6E5C1E38260609FC008E3115 /* SijbersounzTests */,
				6E5C1E43260609FC008E3115 /* SijbersounzUITests */,
				6E5C1E25260609FA008E3115 /* Products */,
			);
			sourceTree = "<group>";
		};
		6E5C1E25260609FA008E3115 /* Products */ = {
			isa = PBXGroup;
			children = (
				6E5C1E24260609FA008E3115 /* Sijbersounz.app */,
				6E5C1E35260609FC008E3115 /* SijbersounzTests.xctest */,
				6E5C1E40260609FC008E3115 /* SijbersounzUITests.xctest */,
			);
			name = Products;
			sourceTree = "<group>";
		};
		6E5C1E26260609FA008E3115 /* Sijbersounz */ = {
			isa = PBXGroup;
			children = (
				6E2C6AA426126474005A75BE /* Sounds */,
				6E5C1E27260609FA008E3115 /* SijbersounzApp.swift */,
				6E2C6A72260E605C005A75BE /* Views */,
				6E5C1E2B260609FC008E3115 /* Assets.xcassets */,
				6E5C1E30260609FC008E3115 /* Info.plist */,
				6E5C1E2D260609FC008E3115 /* Preview Content */,
			);
			path = Sijbersounz;
			sourceTree = "<group>";
		};
		6E5C1E2D260609FC008E3115 /* Preview Content */ = {
			isa = PBXGroup;
			children = (
				6E5C1E2E260609FC008E3115 /* Preview Assets.xcassets */,
			);
			path = "Preview Content";
			sourceTree = "<group>";
		};
		6E5C1E38260609FC008E3115 /* SijbersounzTests */ = {
			isa = PBXGroup;
			children = (
				6E5C1E39260609FC008E3115 /* SijbersounzTests.swift */,
				6E5C1E3B260609FC008E3115 /* Info.plist */,
			);
			path = SijbersounzTests;
			sourceTree = "<group>";
		};
		6E5C1E43260609FC008E3115 /* SijbersounzUITests */ = {
			isa = PBXGroup;
			children = (
				6E5C1E44260609FC008E3115 /* SijbersounzUITests.swift */,
				6E5C1E46260609FC008E3115 /* Info.plist */,
			);
			path = SijbersounzUITests;
			sourceTree = "<group>";
		};
/* End PBXGroup section */

/* Begin PBXNativeTarget section */
		6E5C1E23260609FA008E3115 /* Sijbersounz */ = {
			isa = PBXNativeTarget;
			buildConfigurationList = 6E5C1E49260609FC008E3115 /* Build configuration list for PBXNativeTarget "Sijbersounz" */;
			buildPhases = (
				6E5C1E20260609FA008E3115 /* Sources */,
				6E5C1E21260609FA008E3115 /* Frameworks */,
				6E5C1E22260609FA008E3115 /* Resources */,
			);
			buildRules = (
			);
			dependencies = (
			);
			name = Sijbersounz;
			productName = Sijbersounz;
			productReference = 6E5C1E24260609FA008E3115 /* Sijbersounz.app */;
			productType = "com.apple.product-type.application";
		};
		6E5C1E34260609FC008E3115 /* SijbersounzTests */ = {
			isa = PBXNativeTarget;
			buildConfigurationList = 6E5C1E4C260609FC008E3115 /* Build configuration list for PBXNativeTarget "SijbersounzTests" */;
			buildPhases = (
				6E5C1E31260609FC008E3115 /* Sources */,
				6E5C1E32260609FC008E3115 /* Frameworks */,
				6E5C1E33260609FC008E3115 /* Resources */,
			);
			buildRules = (
			);
			dependencies = (
				6E5C1E37260609FC008E3115 /* PBXTargetDependency */,
			);
			name = SijbersounzTests;
			productName = SijbersounzTests;
			productReference = 6E5C1E35260609FC008E3115 /* SijbersounzTests.xctest */;
			productType = "com.apple.product-type.bundle.unit-test";
		};
		6E5C1E3F260609FC008E3115 /* SijbersounzUITests */ = {
			isa = PBXNativeTarget;
			buildConfigurationList = 6E5C1E4F260609FC008E3115 /* Build configuration list for PBXNativeTarget "SijbersounzUITests" */;
			buildPhases = (
				6E5C1E3C260609FC008E3115 /* Sources */,
				6E5C1E3D260609FC008E3115 /* Frameworks */,
				6E5C1E3E260609FC008E3115 /* Resources */,
			);
			buildRules = (
			);
			dependencies = (
				6E5C1E42260609FC008E3115 /* PBXTargetDependency */,
			);
			name = SijbersounzUITests;
			productName = SijbersounzUITests;
			productReference = 6E5C1E40260609FC008E3115 /* SijbersounzUITests.xctest */;
			productType = "com.apple.product-type.bundle.ui-testing";
		};
/* End PBXNativeTarget section */

/* Begin PBXProject section */
		6E5C1E1C260609FA008E3115 /* Project object */ = {
			isa = PBXProject;
			attributes = {
				LastSwiftUpdateCheck = 1240;
				LastUpgradeCheck = 1240;
				TargetAttributes = {
					6E5C1E23260609FA008E3115 = {
						CreatedOnToolsVersion = 12.4;
					};
					6E5C1E34260609FC008E3115 = {
						CreatedOnToolsVersion = 12.4;
						TestTargetID = 6E5C1E23260609FA008E3115;
					};
					6E5C1E3F260609FC008E3115 = {
						CreatedOnToolsVersion = 12.4;
						TestTargetID = 6E5C1E23260609FA008E3115;
					};
				};
			};
			buildConfigurationList = 6E5C1E1F260609FA008E3115 /* Build configuration list for PBXProject "Sijbersounz" */;
			compatibilityVersion = "Xcode 9.3";
			developmentRegion = en;
			hasScannedForEncodings = 0;
			knownRegions = (
				en,
				Base,
			);
			mainGroup = 6E5C1E1B260609FA008E3115;
			productRefGroup = 6E5C1E25260609FA008E3115 /* Products */;
			projectDirPath = "";
			projectRoot = "";
			targets = (
				6E5C1E23260609FA008E3115 /* Sijbersounz */,
				6E5C1E34260609FC008E3115 /* SijbersounzTests */,
				6E5C1E3F260609FC008E3115 /* SijbersounzUITests */,
			);
		};
/* End PBXProject section */

/* Begin PBXResourcesBuildPhase section */
		6E5C1E22260609FA008E3115 /* Resources */ = {
			isa = PBXResourcesBuildPhase;
			buildActionMask = 2147483647;
			files = (
				6E5C1E2F260609FC008E3115 /* Preview Assets.xcassets in Resources */,
				6E5C1E2C260609FC008E3115 /* Assets.xcassets in Resources */,
				6E2C6A8F260F4300005A75BE /* jemoeder.m4a in Resources */,
			);
			runOnlyForDeploymentPostprocessing = 0;
		};
		6E5C1E33260609FC008E3115 /* Resources */ = {
			isa = PBXResourcesBuildPhase;
			buildActionMask = 2147483647;
			files = (
			);
			runOnlyForDeploymentPostprocessing = 0;
		};
		6E5C1E3E260609FC008E3115 /* Resources */ = {
			isa = PBXResourcesBuildPhase;
			buildActionMask = 2147483647;
			files = (
			);
			runOnlyForDeploymentPostprocessing = 0;
		};
/* End PBXResourcesBuildPhase section */

/* Begin PBXSourcesBuildPhase section */
		6E5C1E20260609FA008E3115 /* Sources */ = {
			isa = PBXSourcesBuildPhase;
			buildActionMask = 2147483647;
			files = (
				6E2C6A77260E60AC005A75BE /* Pad.swift in Sources */,
				6E5C1E2A260609FA008E3115 /* ContentView.swift in Sources */,
				6E5C1E28260609FA008E3115 /* SijbersounzApp.swift in Sources */,
				6E2C6A94260F7E97005A75BE /* PadStyle.swift in Sources */,
			);
			runOnlyForDeploymentPostprocessing = 0;
		};
		6E5C1E31260609FC008E3115 /* Sources */ = {
			isa = PBXSourcesBuildPhase;
			buildActionMask = 2147483647;
			files = (
				6E5C1E3A260609FC008E3115 /* SijbersounzTests.swift in Sources */,
			);
			runOnlyForDeploymentPostprocessing = 0;
		};
		6E5C1E3C260609FC008E3115 /* Sources */ = {
			isa = PBXSourcesBuildPhase;
			buildActionMask = 2147483647;
			files = (
				6E5C1E45260609FC008E3115 /* SijbersounzUITests.swift in Sources */,
			);
			runOnlyForDeploymentPostprocessing = 0;
		};
/* End PBXSourcesBuildPhase section */

/* Begin PBXTargetDependency section */
		6E5C1E37260609FC008E3115 /* PBXTargetDependency */ = {
			isa = PBXTargetDependency;
			target = 6E5C1E23260609FA008E3115 /* Sijbersounz */;
			targetProxy = 6E5C1E36260609FC008E3115 /* PBXContainerItemProxy */;
		};
		6E5C1E42260609FC008E3115 /* PBXTargetDependency */ = {
			isa = PBXTargetDependency;
			target = 6E5C1E23260609FA008E3115 /* Sijbersounz */;
			targetProxy = 6E5C1E41260609FC008E3115 /* PBXContainerItemProxy */;
		};
/* End PBXTargetDependency section */

/* Begin XCBuildConfiguration section */
		6E5C1E47260609FC008E3115 /* Debug */ = {
			isa = XCBuildConfiguration;
			buildSettings = {
				ALWAYS_SEARCH_USER_PATHS = NO;
				CLANG_ANALYZER_NONNULL = YES;
				CLANG_ANALYZER_NUMBER_OBJECT_CONVERSION = YES_AGGRESSIVE;
				CLANG_CXX_LANGUAGE_STANDARD = "gnu++14";
				CLANG_CXX_LIBRARY = "libc++";
				CLANG_ENABLE_MODULES = YES;
				CLANG_ENABLE_OBJC_ARC = YES;
				CLANG_ENABLE_OBJC_WEAK = YES;
				CLANG_WARN_BLOCK_CAPTURE_AUTORELEASING = YES;
				CLANG_WARN_BOOL_CONVERSION = YES;
				CLANG_WARN_COMMA = YES;
				CLANG_WARN_CONSTANT_CONVERSION = YES;
				CLANG_WARN_DEPRECATED_OBJC_IMPLEMENTATIONS = YES;
				CLANG_WARN_DIRECT_OBJC_ISA_USAGE = YES_ERROR;
				CLANG_WARN_DOCUMENTATION_COMMENTS = YES;
				CLANG_WARN_EMPTY_BODY = YES;
				CLANG_WARN_ENUM_CONVERSION = YES;
				CLANG_WARN_INFINITE_RECURSION = YES;
				CLANG_WARN_INT_CONVERSION = YES;
				CLANG_WARN_NON_LITERAL_NULL_CONVERSION = YES;
				CLANG_WARN_OBJC_IMPLICIT_RETAIN_SELF = YES;
				CLANG_WARN_OBJC_LITERAL_CONVERSION = YES;
				CLANG_WARN_OBJC_ROOT_CLASS = YES_ERROR;
				CLANG_WARN_QUOTED_INCLUDE_IN_FRAMEWORK_HEADER = YES;
				CLANG_WARN_RANGE_LOOP_ANALYSIS = YES;
				CLANG_WARN_STRICT_PROTOTYPES = YES;
				CLANG_WARN_SUSPICIOUS_MOVE = YES;
				CLANG_WARN_UNGUARDED_AVAILABILITY = YES_AGGRESSIVE;
				CLANG_WARN_UNREACHABLE_CODE = YES;
				CLANG_WARN__DUPLICATE_METHOD_MATCH = YES;
				COPY_PHASE_STRIP = NO;
				DEBUG_INFORMATION_FORMAT = dwarf;
				ENABLE_STRICT_OBJC_MSGSEND = YES;
				ENABLE_TESTABILITY = YES;
				GCC_C_LANGUAGE_STANDARD = gnu11;
				GCC_DYNAMIC_NO_PIC = NO;
				GCC_NO_COMMON_BLOCKS = YES;
				GCC_OPTIMIZATION_LEVEL = 0;
				GCC_PREPROCESSOR_DEFINITIONS = (
					"DEBUG=1",
					"$(inherited)",
				);
				GCC_WARN_64_TO_32_BIT_CONVERSION = YES;
				GCC_WARN_ABOUT_RETURN_TYPE = YES_ERROR;
				GCC_WARN_UNDECLARED_SELECTOR = YES;
				GCC_WARN_UNINITIALIZED_AUTOS = YES_AGGRESSIVE;
				GCC_WARN_UNUSED_FUNCTION = YES;
				GCC_WARN_UNUSED_VARIABLE = YES;
				IPHONEOS_DEPLOYMENT_TARGET = 14.4;
				MTL_ENABLE_DEBUG_INFO = INCLUDE_SOURCE;
				MTL_FAST_MATH = YES;
				ONLY_ACTIVE_ARCH = YES;
				SDKROOT = iphoneos;
				SWIFT_ACTIVE_COMPILATION_CONDITIONS = DEBUG;
				SWIFT_OPTIMIZATION_LEVEL = "-Onone";
			};
			name = Debug;
		};
		6E5C1E48260609FC008E3115 /* Release */ = {
			isa = XCBuildConfiguration;
			buildSettings = {
				ALWAYS_SEARCH_USER_PATHS = NO;
				CLANG_ANALYZER_NONNULL = YES;
				CLANG_ANALYZER_NUMBER_OBJECT_CONVERSION = YES_AGGRESSIVE;
				CLANG_CXX_LANGUAGE_STANDARD = "gnu++14";
				CLANG_CXX_LIBRARY = "libc++";
				CLANG_ENABLE_MODULES = YES;
				CLANG_ENABLE_OBJC_ARC = YES;
				CLANG_ENABLE_OBJC_WEAK = YES;
				CLANG_WARN_BLOCK_CAPTURE_AUTORELEASING = YES;
				CLANG_WARN_BOOL_CONVERSION = YES;
				CLANG_WARN_COMMA = YES;
				CLANG_WARN_CONSTANT_CONVERSION = YES;
				CLANG_WARN_DEPRECATED_OBJC_IMPLEMENTATIONS = YES;
				CLANG_WARN_DIRECT_OBJC_ISA_USAGE = YES_ERROR;
				CLANG_WARN_DOCUMENTATION_COMMENTS = YES;
				CLANG_WARN_EMPTY_BODY = YES;
				CLANG_WARN_ENUM_CONVERSION = YES;
				CLANG_WARN_INFINITE_RECURSION = YES;
				CLANG_WARN_INT_CONVERSION = YES;
				CLANG_WARN_NON_LITERAL_NULL_CONVERSION = YES;
				CLANG_WARN_OBJC_IMPLICIT_RETAIN_SELF = YES;
				CLANG_WARN_OBJC_LITERAL_CONVERSION = YES;
				CLANG_WARN_OBJC_ROOT_CLASS = YES_ERROR;
				CLANG_WARN_QUOTED_INCLUDE_IN_FRAMEWORK_HEADER = YES;
				CLANG_WARN_RANGE_LOOP_ANALYSIS = YES;
				CLANG_WARN_STRICT_PROTOTYPES = YES;
				CLANG_WARN_SUSPICIOUS_MOVE = YES;
				CLANG_WARN_UNGUARDED_AVAILABILITY = YES_AGGRESSIVE;
				CLANG_WARN_UNREACHABLE_CODE = YES;
				CLANG_WARN__DUPLICATE_METHOD_MATCH = YES;
				COPY_PHASE_STRIP = NO;
				DEBUG_INFORMATION_FORMAT = "dwarf-with-dsym";
				ENABLE_NS_ASSERTIONS = NO;
				ENABLE_STRICT_OBJC_MSGSEND = YES;
				GCC_C_LANGUAGE_STANDARD = gnu11;
				GCC_NO_COMMON_BLOCKS = YES;
				GCC_WARN_64_TO_32_BIT_CONVERSION = YES;
				GCC_WARN_ABOUT_RETURN_TYPE = YES_ERROR;
				GCC_WARN_UNDECLARED_SELECTOR = YES;
				GCC_WARN_UNINITIALIZED_AUTOS = YES_AGGRESSIVE;
				GCC_WARN_UNUSED_FUNCTION = YES;
				GCC_WARN_UNUSED_VARIABLE = YES;
				IPHONEOS_DEPLOYMENT_TARGET = 14.4;
				MTL_ENABLE_DEBUG_INFO = NO;
				MTL_FAST_MATH = YES;
				SDKROOT = iphoneos;
				SWIFT_COMPILATION_MODE = wholemodule;
				SWIFT_OPTIMIZATION_LEVEL = "-O";
				VALIDATE_PRODUCT = YES;
			};
			name = Release;
		};
		6E5C1E4A260609FC008E3115 /* Debug */ = {
			isa = XCBuildConfiguration;
			buildSettings = {
				ASSETCATALOG_COMPILER_APPICON_NAME = AppIcon;
				ASSETCATALOG_COMPILER_GLOBAL_ACCENT_COLOR_NAME = AccentColor;
				CODE_SIGN_STYLE = Automatic;
				DEVELOPMENT_ASSET_PATHS = "\"Sijbersounz/Preview Content\"";
				DEVELOPMENT_TEAM = YU3972ZEKY;
				ENABLE_PREVIEWS = YES;
				INFOPLIST_FILE = Sijbersounz/Info.plist;
				IPHONEOS_DEPLOYMENT_TARGET = 14.0;
				LD_RUNPATH_SEARCH_PATHS = (
					"$(inherited)",
					"@executable_path/Frameworks",
				);
				PRODUCT_BUNDLE_IDENTIFIER = com.nieknijland.Sijbersounz;
				PRODUCT_NAME = "$(TARGET_NAME)";
				SWIFT_VERSION = 5.0;
				TARGETED_DEVICE_FAMILY = "1,2";
			};
			name = Debug;
		};
		6E5C1E4B260609FC008E3115 /* Release */ = {
			isa = XCBuildConfiguration;
			buildSettings = {
				ASSETCATALOG_COMPILER_APPICON_NAME = AppIcon;
				ASSETCATALOG_COMPILER_GLOBAL_ACCENT_COLOR_NAME = AccentColor;
				CODE_SIGN_STYLE = Automatic;
				DEVELOPMENT_ASSET_PATHS = "\"Sijbersounz/Preview Content\"";
				DEVELOPMENT_TEAM = YU3972ZEKY;
				ENABLE_PREVIEWS = YES;
				INFOPLIST_FILE = Sijbersounz/Info.plist;
				IPHONEOS_DEPLOYMENT_TARGET = 14.0;
				LD_RUNPATH_SEARCH_PATHS = (
					"$(inherited)",
					"@executable_path/Frameworks",
				);
				PRODUCT_BUNDLE_IDENTIFIER = com.nieknijland.Sijbersounz;
				PRODUCT_NAME = "$(TARGET_NAME)";
				SWIFT_VERSION = 5.0;
				TARGETED_DEVICE_FAMILY = "1,2";
			};
			name = Release;
		};
		6E5C1E4D260609FC008E3115 /* Debug */ = {
			isa = XCBuildConfiguration;
			buildSettings = {
				ALWAYS_EMBED_SWIFT_STANDARD_LIBRARIES = YES;
				BUNDLE_LOADER = "$(TEST_HOST)";
				CODE_SIGN_STYLE = Automatic;
				DEVELOPMENT_TEAM = YU3972ZEKY;
				INFOPLIST_FILE = SijbersounzTests/Info.plist;
				IPHONEOS_DEPLOYMENT_TARGET = 14.0;
				LD_RUNPATH_SEARCH_PATHS = (
					"$(inherited)",
					"@executable_path/Frameworks",
					"@loader_path/Frameworks",
				);
				PRODUCT_BUNDLE_IDENTIFIER = com.nieknijland.SijbersounzTests;
				PRODUCT_NAME = "$(TARGET_NAME)";
				SWIFT_VERSION = 5.0;
				TARGETED_DEVICE_FAMILY = "1,2";
				TEST_HOST = "$(BUILT_PRODUCTS_DIR)/Sijbersounz.app/Sijbersounz";
			};
			name = Debug;
		};
		6E5C1E4E260609FC008E3115 /* Release */ = {
			isa = XCBuildConfiguration;
			buildSettings = {
				ALWAYS_EMBED_SWIFT_STANDARD_LIBRARIES = YES;
				BUNDLE_LOADER = "$(TEST_HOST)";
				CODE_SIGN_STYLE = Automatic;
				DEVELOPMENT_TEAM = YU3972ZEKY;
				INFOPLIST_FILE = SijbersounzTests/Info.plist;
				IPHONEOS_DEPLOYMENT_TARGET = 14.0;
				LD_RUNPATH_SEARCH_PATHS = (
					"$(inherited)",
					"@executable_path/Frameworks",
					"@loader_path/Frameworks",
				);
				PRODUCT_BUNDLE_IDENTIFIER = com.nieknijland.SijbersounzTests;
				PRODUCT_NAME = "$(TARGET_NAME)";
				SWIFT_VERSION = 5.0;
				TARGETED_DEVICE_FAMILY = "1,2";
				TEST_HOST = "$(BUILT_PRODUCTS_DIR)/Sijbersounz.app/Sijbersounz";
			};
			name = Release;
		};
		6E5C1E50260609FC008E3115 /* Debug */ = {
			isa = XCBuildConfiguration;
			buildSettings = {
				ALWAYS_EMBED_SWIFT_STANDARD_LIBRARIES = YES;
				CODE_SIGN_STYLE = Automatic;
				DEVELOPMENT_TEAM = YU3972ZEKY;
				INFOPLIST_FILE = SijbersounzUITests/Info.plist;
				LD_RUNPATH_SEARCH_PATHS = (
					"$(inherited)",
					"@executable_path/Frameworks",
					"@loader_path/Frameworks",
				);
				PRODUCT_BUNDLE_IDENTIFIER = com.nieknijland.SijbersounzUITests;
				PRODUCT_NAME = "$(TARGET_NAME)";
				SWIFT_VERSION = 5.0;
				TARGETED_DEVICE_FAMILY = "1,2";
				TEST_TARGET_NAME = Sijbersounz;
			};
			name = Debug;
		};
		6E5C1E51260609FC008E3115 /* Release */ = {
			isa = XCBuildConfiguration;
			buildSettings = {
				ALWAYS_EMBED_SWIFT_STANDARD_LIBRARIES = YES;
				CODE_SIGN_STYLE = Automatic;
				DEVELOPMENT_TEAM = YU3972ZEKY;
				INFOPLIST_FILE = SijbersounzUITests/Info.plist;
				LD_RUNPATH_SEARCH_PATHS = (
					"$(inherited)",
					"@executable_path/Frameworks",
					"@loader_path/Frameworks",
				);
				PRODUCT_BUNDLE_IDENTIFIER = com.nieknijland.SijbersounzUITests;
				PRODUCT_NAME = "$(TARGET_NAME)";
				SWIFT_VERSION = 5.0;
				TARGETED_DEVICE_FAMILY = "1,2";
				TEST_TARGET_NAME = Sijbersounz;
			};
			name = Release;
		};
/* End XCBuildConfiguration section */

/* Begin XCConfigurationList section */
		6E5C1E1F260609FA008E3115 /* Build configuration list for PBXProject "Sijbersounz" */ = {
			isa = XCConfigurationList;
			buildConfigurations = (
				6E5C1E47260609FC008E3115 /* Debug */,
				6E5C1E48260609FC008E3115 /* Release */,
			);
			defaultConfigurationIsVisible = 0;
			defaultConfigurationName = Release;
		};
		6E5C1E49260609FC008E3115 /* Build configuration list for PBXNativeTarget "Sijbersounz" */ = {
			isa = XCConfigurationList;
			buildConfigurations = (
				6E5C1E4A260609FC008E3115 /* Debug */,
				6E5C1E4B260609FC008E3115 /* Release */,
			);
			defaultConfigurationIsVisible = 0;
			defaultConfigurationName = Release;
		};
		6E5C1E4C260609FC008E3115 /* Build configuration list for PBXNativeTarget "SijbersounzTests" */ = {
			isa = XCConfigurationList;
			buildConfigurations = (
				6E5C1E4D260609FC008E3115 /* Debug */,
				6E5C1E4E260609FC008E3115 /* Release */,
			);
			defaultConfigurationIsVisible = 0;
			defaultConfigurationName = Release;
		};
		6E5C1E4F260609FC008E3115 /* Build configuration list for PBXNativeTarget "SijbersounzUITests" */ = {
			isa = XCConfigurationList;
			buildConfigurations = (
				6E5C1E50260609FC008E3115 /* Debug */,
				6E5C1E51260609FC008E3115 /* Release */,
			);
			defaultConfigurationIsVisible = 0;
			defaultConfigurationName = Release;
		};
/* End XCConfigurationList section */
	};
	rootObject = 6E5C1E1C260609FA008E3115 /* Project object */;
}
